
Microsoft Visual Studio Solution File, Format Version 12.00
# Visual Studio 2012
Project("{FAE04EC0-301F-11D3-BF4B-00C04F79EFBC}") = "RetroGameGauntlet", "RetroGameGauntlet\RetroGameGauntlet.csproj", "{53DD8172-871D-487A-B01F-92C67EE61B8B}"
EndProject
Project("{FAE04EC0-301F-11D3-BF4B-00C04F79EFBC}") = "RetroGameGauntlet.iOS", "iOS\RetroGameGauntlet.iOS.csproj", "{4E9E4DB6-18AC-4D55-839E-5278B8A6344C}"
EndProject
Project("{FAE04EC0-301F-11D3-BF4B-00C04F79EFBC}") = "RetroGameGauntlet.Droid", "Droid\RetroGameGauntlet.Droid.csproj", "{CE246A45-8870-4604-929C-D2E8DF070CD7}"
EndProject
Global
	GlobalSection(SolutionConfigurationPlatforms) = preSolution
		Debug|Any CPU = Debug|Any CPU
		Release|Any CPU = Release|Any CPU
		Debug|iPhoneSimulator = Debug|iPhoneSimulator
		Release|iPhone = Release|iPhone
		Release|iPhoneSimulator = Release|iPhoneSimulator
		Debug|iPhone = Debug|iPhone
	EndGlobalSection
	GlobalSection(ProjectConfigurationPlatforms) = postSolution
		{4E9E4DB6-18AC-4D55-839E-5278B8A6344C}.Debug|Any CPU.ActiveCfg = Debug|iPhoneSimulator
		{4E9E4DB6-18AC-4D55-839E-5278B8A6344C}.Debug|Any CPU.Build.0 = Debug|iPhoneSimulator
		{4E9E4DB6-18AC-4D55-839E-5278B8A6344C}.Debug|iPhone.ActiveCfg = Debug|iPhone
		{4E9E4DB6-18AC-4D55-839E-5278B8A6344C}.Debug|iPhone.Build.0 = Debug|iPhone
		{4E9E4DB6-18AC-4D55-839E-5278B8A6344C}.Debug|iPhoneSimulator.ActiveCfg = Debug|iPhoneSimulator
		{4E9E4DB6-18AC-4D55-839E-5278B8A6344C}.Debug|iPhoneSimulator.Build.0 = Debug|iPhoneSimulator
		{4E9E4DB6-18AC-4D55-839E-5278B8A6344C}.Release|Any CPU.ActiveCfg = Release|iPhone
		{4E9E4DB6-18AC-4D55-839E-5278B8A6344C}.Release|Any CPU.Build.0 = Release|iPhone
		{4E9E4DB6-18AC-4D55-839E-5278B8A6344C}.Release|iPhone.ActiveCfg = Release|iPhone
		{4E9E4DB6-18AC-4D55-839E-5278B8A6344C}.Release|iPhone.Build.0 = Release|iPhone
		{4E9E4DB6-18AC-4D55-839E-5278B8A6344C}.Release|iPhoneSimulator.ActiveCfg = Release|iPhoneSimulator
		{4E9E4DB6-18AC-4D55-839E-5278B8A6344C}.Release|iPhoneSimulator.Build.0 = Release|iPhoneSimulator
		{53DD8172-871D-487A-B01F-92C67EE61B8B}.Debug|Any CPU.ActiveCfg = Debug|Any CPU
		{53DD8172-871D-487A-B01F-92C67EE61B8B}.Debug|Any CPU.Build.0 = Debug|Any CPU
		{53DD8172-871D-487A-B01F-92C67EE61B8B}.Debug|iPhone.ActiveCfg = Debug|Any CPU
		{53DD8172-871D-487A-B01F-92C67EE61B8B}.Debug|iPhone.Build.0 = Debug|Any CPU
		{53DD8172-871D-487A-B01F-92C67EE61B8B}.Debug|iPhoneSimulator.ActiveCfg = Debug|Any CPU
		{53DD8172-871D-487A-B01F-92C67EE61B8B}.Debug|iPhoneSimulator.Build.0 = Debug|Any CPU
		{53DD8172-871D-487A-B01F-92C67EE61B8B}.Release|Any CPU.ActiveCfg = Release|Any CPU
		{53DD8172-871D-487A-B01F-92C67EE61B8B}.Release|Any CPU.Build.0 = Release|Any CPU
		{53DD8172-871D-487A-B01F-92C67EE61B8B}.Release|iPhone.ActiveCfg = Release|Any CPU
		{53DD8172-871D-487A-B01F-92C67EE61B8B}.Release|iPhone.Build.0 = Release|Any CPU
		{53DD8172-871D-487A-B01F-92C67EE61B8B}.Release|iPhoneSimulator.ActiveCfg = Release|Any CPU
		{53DD8172-871D-487A-B01F-92C67EE61B8B}.Release|iPhoneSimulator.Build.0 = Release|Any CPU
		{CE246A45-8870-4604-929C-D2E8DF070CD7}.Debug|Any CPU.ActiveCfg = Debug|Any CPU
		{CE246A45-8870-4604-929C-D2E8DF070CD7}.Debug|Any CPU.Build.0 = Debug|Any CPU
		{CE246A45-8870-4604-929C-D2E8DF070CD7}.Debug|iPhone.ActiveCfg = Debug|Any CPU
		{CE246A45-8870-4604-929C-D2E8DF070CD7}.Debug|iPhone.Build.0 = Debug|Any CPU
		{CE246A45-8870-4604-929C-D2E8DF070CD7}.Debug|iPhoneSimulator.ActiveCfg = Debug|Any CPU
		{CE246A45-8870-4604-929C-D2E8DF070CD7}.Debug|iPhoneSimulator.Build.0 = Debug|Any CPU
		{CE246A45-8870-4604-929C-D2E8DF070CD7}.Release|Any CPU.ActiveCfg = Release|Any CPU
		{CE246A45-8870-4604-929C-D2E8DF070CD7}.Release|Any CPU.Build.0 = Release|Any CPU
		{CE246A45-8870-4604-929C-D2E8DF070CD7}.Release|iPhone.ActiveCfg = Release|Any CPU
		{CE246A45-8870-4604-929C-D2E8DF070CD7}.Release|iPhone.Build.0 = Release|Any CPU
		{CE246A45-8870-4604-929C-D2E8DF070CD7}.Release|iPhoneSimulator.ActiveCfg = Release|Any CPU
		{CE246A45-8870-4604-929C-D2E8DF070CD7}.Release|iPhoneSimulator.Build.0 = Release|Any CPU
	EndGlobalSection
	GlobalSection(MonoDevelopProperties) = preSolution
		Policies = $0
		$0.DotNetNamingPolicy = $1
		$1.DirectoryNamespaceAssociation = PrefixedHierarchical
		$1.ResourceNamePolicy = FileFormatDefault
	EndGlobalSection
EndGlobal
